
Microsoft Visual Studio Solution File, Format Version 12.00
# Visual Studio 15
VisualStudioVersion = 15.0.27703.2035
MinimumVisualStudioVersion = 10.0.40219.1
Project("{FAE04EC0-301F-11D3-BF4B-00C04F79EFBC}") = "Contacts", "Contacts\Contacts.csproj", "{AF5DFFBC-388E-4ED4-87C1-1C0E5E2BA8DB}"
EndProject
Global
	GlobalSection(SolutionConfigurationPlatforms) = preSolution
		Debug|Any CPU = Debug|Any CPU
		Release|Any CPU = Release|Any CPU
	EndGlobalSection
	GlobalSection(ProjectConfigurationPlatforms) = postSolution
		{AF5DFFBC-388E-4ED4-87C1-1C0E5E2BA8DB}.Debug|Any CPU.ActiveCfg = Debug|Any CPU
		{AF5DFFBC-388E-4ED4-87C1-1C0E5E2BA8DB}.Debug|Any CPU.Build.0 = Debug|Any CPU
		{AF5DFFBC-388E-4ED4-87C1-1C0E5E2BA8DB}.Release|Any CPU.ActiveCfg = Release|Any CPU
		{AF5DFFBC-388E-4ED4-87C1-1C0E5E2BA8DB}.Release|Any CPU.Build.0 = Release|Any CPU
	EndGlobalSection
	GlobalSection(SolutionProperties) = preSolution
		HideSolutionNode = FALSE
	EndGlobalSection
	GlobalSection(ExtensibilityGlobals) = postSolution
		SolutionGuid = {EE80118E-F239-4105-BEBE-E4305AF306CC}
	EndGlobalSection
EndGlobal
